
Microsoft Visual Studio Solution File, Format Version 12.00
# Visual Studio Version 17
VisualStudioVersion = 17.10.35013.160
MinimumVisualStudioVersion = 10.0.40219.1
Project("{9A19103F-16F7-4668-BE54-9A1E7A4F7556}") = "AcessToken", "AcessToken\AcessToken.csproj", "{EF2EBDE0-8879-48AD-B605-5A861F478EA5}"
EndProject
Global
	GlobalSection(SolutionConfigurationPlatforms) = preSolution
		Debug|Any CPU = Debug|Any CPU
		Release|Any CPU = Release|Any CPU
	EndGlobalSection
	GlobalSection(ProjectConfigurationPlatforms) = postSolution
		{EF2EBDE0-8879-48AD-B605-5A861F478EA5}.Debug|Any CPU.ActiveCfg = Debug|Any CPU
		{EF2EBDE0-8879-48AD-B605-5A861F478EA5}.Debug|Any CPU.Build.0 = Debug|Any CPU
		{EF2EBDE0-8879-48AD-B605-5A861F478EA5}.Release|Any CPU.ActiveCfg = Release|Any CPU
		{EF2EBDE0-8879-48AD-B605-5A861F478EA5}.Release|Any CPU.Build.0 = Release|Any CPU
	EndGlobalSection
	GlobalSection(SolutionProperties) = preSolution
		HideSolutionNode = FALSE
	EndGlobalSection
	GlobalSection(ExtensibilityGlobals) = postSolution
		SolutionGuid = {5815D8D1-5CEE-4A20-A067-72E6DA528778}
	EndGlobalSection
EndGlobal
